
Microsoft Visual Studio Solution File, Format Version 12.00
# Visual Studio 15
Project("{FAE04EC0-301F-11D3-BF4B-00C04F79EFBC}") = "Pets", "Pets.csproj", "{92153BC9-950F-424B-A2B2-490235772B50}"
EndProject
Global
	GlobalSection(SolutionConfigurationPlatforms) = preSolution
		Debug|Any CPU = Debug|Any CPU
		Release|Any CPU = Release|Any CPU
	EndGlobalSection
	GlobalSection(ProjectConfigurationPlatforms) = postSolution
		{92153BC9-950F-424B-A2B2-490235772B50}.Debug|Any CPU.ActiveCfg = Debug|Any CPU
		{92153BC9-950F-424B-A2B2-490235772B50}.Debug|Any CPU.Build.0 = Debug|Any CPU
		{92153BC9-950F-424B-A2B2-490235772B50}.Release|Any CPU.ActiveCfg = Release|Any CPU
		{92153BC9-950F-424B-A2B2-490235772B50}.Release|Any CPU.Build.0 = Release|Any CPU
	EndGlobalSection
EndGlobal
